
Microsoft Visual Studio Solution File, Format Version 12.00
# Visual Studio Version 16
VisualStudioVersion = 16.0.29509.3
MinimumVisualStudioVersion = 10.0.40219.1
Project("{FAE04EC0-301F-11D3-BF4B-00C04F79EFBC}") = "ScheduleAutomation", "ScheduleAutomation.csproj", "{3344B4AE-1432-4BEE-8528-8C4869E66425}"
EndProject
Global
	GlobalSection(SolutionConfigurationPlatforms) = preSolution
		Debug|Any CPU = Debug|Any CPU
		Release|Any CPU = Release|Any CPU
	EndGlobalSection
	GlobalSection(ProjectConfigurationPlatforms) = postSolution
		{3344B4AE-1432-4BEE-8528-8C4869E66425}.Debug|Any CPU.ActiveCfg = Debug|Any CPU
		{3344B4AE-1432-4BEE-8528-8C4869E66425}.Debug|Any CPU.Build.0 = Debug|Any CPU
		{3344B4AE-1432-4BEE-8528-8C4869E66425}.Release|Any CPU.ActiveCfg = Release|Any CPU
		{3344B4AE-1432-4BEE-8528-8C4869E66425}.Release|Any CPU.Build.0 = Release|Any CPU
	EndGlobalSection
	GlobalSection(SolutionProperties) = preSolution
		HideSolutionNode = FALSE
	EndGlobalSection
	GlobalSection(ExtensibilityGlobals) = postSolution
		SolutionGuid = {0E4DC549-8468-414C-A82F-F03F7287A133}
	EndGlobalSection
EndGlobal
